github.com/Eun/yaegi-template v1.3.1 h1:XlWiXswP7dGQ8tpk/ZtlbqoMYzNyTR7+2DR0eZSJlDw=
github.com/Eun/yaegi-template v1.3.1/go.mod h1:C2dqOl2BHlw8pO1ore+gNUa1ErSnf8CrG6IFW+Eh/0A=
github.com/Eun/yaegi-template v1.3.2 h1:Ej79YAJc1CjWRzEEC8rPj7FdaO73/GozrawC8Xa/lBA=
github.com/Eun/yaegi-template v1.3.2/go.mod h1:8kxKtnQY/UHHcSsfePmpIXslGoXe9lZZHR9AZqrfBsU=
github.com/alecthomas/template v0.0.0-20190718012654-fb15b899a751 h1:JYp7IbQjafoB+tBA3gMyHYHrpOtNuDiK/uB5uXxq5wM=
github.com/alecthomas/template v0.0.0-20190718012654-fb15b899a751/go.mod h1:LOuyumcjzFXgccqObfd/Ljyb9UuFJ6TxHnclSeseNhc=
github.com/alecthomas/units v0.0.0-20190924025748-f65c72e2690d h1:UQZhZ2O0vMHr2cI+DC1Mbh0TJxzA3RcLoMsFw+aXw7E=
github.com/alecthomas/units v0.0.0-20190924025748-f65c72e2690d/go.mod h1:rBZYJk541a8SKzHPHnH3zbiI+7dagKZ0cgpgrD7Fyho=
github.com/containous/yaegi v0.7.4 h1:mdEQypyfFlnCvKci+kaPKvIb3CilkkN0ivd9rug+sKA=
github.com/containous/yaegi v0.7.4/go.mod h1:Yj82MHpXQ9/h3ukzc2numJQ/Wr4+M3C9YLMzNjFtd3o=
github.com/containous/yaegi v0.7.5 h1:2EX3rL8BbJdbnICLHOhRezkCax/31VTvkD8So/ms/mA=
github.com/containous/yaegi v0.7.5/go.mod h1:Yj82MHpXQ9/h3ukzc2numJQ/Wr4+M3C9YLMzNjFtd3o=
github.com/containous/yaegi v0.8.1 h1:MYf4NuROUpNkcFBeRQ8qu4M34fRXNP7GCxTEVgcSrr0=
github.com/containous/yaegi v0.8.1/go.mod h1:Yj82MHpXQ9/h3ukzc2numJQ/Wr4+M3C9YLMzNjFtd3o=
github.com/davecgh/go-spew v1.1.0 h1:ZDRjVQ15GmhC3fiQ8ni8+OwkZQO4DARzQgrnXU1Liz8=
github.com/davecgh/go-spew v1.1.0/go.mod h1:J7Y8YcW2NihsgmVo/mv3lAwl/skON4iLHjSsI+c5H38=
github.com/pmezard/go-difflib v1.0.0 h1:4DBwDE0NGyQoBHbLQYPwSUPoCMWR5BEzIk/f1lZbAQM=
github.com/pmezard/go-difflib v1.0.0/go.mod h1:iKH77koFhYxTK1pcRnkKkqfTogsbg7gZNVY4sRDYZ/4=
github.com/stretchr/objx v0.1.0/go.mod h1:HFkY916IF+rwdDfMAkV7OtwuqBVzrE8GR6GFx+wExME=
github.com/stretchr/testify v1.4.0 h1:2E4SXV/wtOkTonXsotYi4li6zVWxYlZuYNCXe9XRJyk=
github.com/stretchr/testify v1.4.0/go.mod h1:j7eGeouHqKxXV5pUuKE4zz7dFj8WfuZ+81PSLYec5m4=
golang.org/x/xerrors v0.0.0-20191204190536-9bdfabe68543 h1:E7g+9GITq07hpfrRu66IVDexMakfv52eLZ2CXBWiKr4=
golang.org/x/xerrors v0.0.0-20191204190536-9bdfabe68543/go.mod h1:I/5z698sn9Ka8TeJc9MKroUUfqBBauWjQqLJ2OPfmY0=
gopkg.in/alecthomas/kingpin.v2 v2.2.6 h1:jMFz6MfLP0/4fUyZle81rXUoxOBFi19VUFKVDOQfozc=
gopkg.in/alecthomas/kingpin.v2 v2.2.6/go.mod h1:FMv+mEhP44yOT+4EoQTLFTRgOQ1FBLkstjWtayDeSgw=
gopkg.in/check.v1 v0.0.0-20161208181325-20d25e280405 h1:yhCVgyC4o1eVCa2tZl7eS0r+SDo693bJlVdllGtEeKM=
gopkg.in/check.v1 v0.0.0-20161208181325-20d25e280405/go.mod h1:Co6ibVJAznAaIkqp8huTwlJQCZ016jof/cbN4VW5Yz0=
gopkg.in/yaml.v2 v2.2.2 h1:ZCJp+EgiOT7lHqUV2J862kp8Qj64Jo6az82+3Td9dZw=
gopkg.in/yaml.v2 v2.2.2/go.mod h1:hI93XBmqTisBFMUTm0b8Fm+jr3Dg1NNxqwp+5A1VGuI=
